{
  "version": "5",
  "specifiers": {
    "npm:@macroforge/shared@~0.1.74": "0.1.74_typescript@5.9.3",
    "npm:@types/node@^18.19.130": "18.19.130",
    "npm:macroforge@~0.1.74": "0.1.74",
    "npm:typescript@^5.9.3": "5.9.3"
  },
  "npm": {
    "@macroforge/bin-darwin-arm64@0.1.74": {
      "integrity": "sha512-TsifOim4DpYrHedb4p4O3rWapGt0tR5lNYM7Iea4VXIOtaIg83vsWMKQiYLCkeW6bO7V4L7kh7S4MEnHN5QDuQ==",
      "os": ["darwin"],
      "cpu": ["arm64"]
    },
    "@macroforge/bin-darwin-x64@0.1.74": {
      "integrity": "sha512-WhhI6FJWNiL/BRJAUIWLgXi0UaWhN5otbgnXuCZ5yZ3/IdHJk7oyaFimTmguGr4gBo5nNRi5jGQMZ6ED3aubOA==",
      "os": ["darwin"],
      "cpu": ["x64"]
    },
    "@macroforge/bin-linux-arm64-gnu@0.1.74": {
      "integrity": "sha512-E3rSdrNraZejUBV33xwot+YpV0E6YWdgG6w8h7S2zYYmSy1+Px4CLGKxov1kGorm8qI2mXr1OEXHknBj44BOAw==",
      "os": ["linux"],
      "cpu": ["arm64"]
    },
    "@macroforge/bin-linux-x64-gnu@0.1.74": {
      "integrity": "sha512-s2SdanFPEZkMGOUupZQ5WX8OCWCI0wh3ypewrSbgWbqPZadaMZJ0aT8Z7GTOm3gTF8B637SnZPOiEFc7rjTEyA==",
      "os": ["linux"],
      "cpu": ["x64"]
    },
    "@macroforge/bin-win32-arm64-msvc@0.1.74": {
      "integrity": "sha512-w8sm4hrmC76C8/rpS0QqlzRniNTQF9+rLzeUjAXIubjxVYTdhMAH6ufd98yy8KGFLwRKPSZ7Agj1sOUH0fxocA==",
      "os": ["win32"],
      "cpu": ["arm64"]
    },
    "@macroforge/bin-win32-x64-msvc@0.1.74": {
      "integrity": "sha512-ynZLg7KoI7QnCRNCmxE/5Z3Q/mXqJ4fTE2han63GJIAkQ9llItiXD2djuVrYoxpxxlnJVCeqjYsgNk4kQr+XtQ==",
      "os": ["win32"],
      "cpu": ["x64"]
    },
    "@macroforge/shared@0.1.74_typescript@5.9.3": {
      "integrity": "sha512-PxVeA0pW/j8iFdD0bpdEBX6O8/bGb/siiCDgZzWGDaBL6O/zrwnX+S4l6d61BJrXbHNm8gWZL2ROAOQzjfeKYQ==",
      "dependencies": [
        "macroforge",
        "typescript"
      ]
    },
    "@types/node@18.19.130": {
      "integrity": "sha512-GRaXQx6jGfL8sKfaIDD6OupbIHBr9jv7Jnaml9tB7l4v068PAOXqfcujMMo5PhbIs6ggR1XODELqahT2R8v0fg==",
      "dependencies": [
        "undici-types"
      ]
    },
    "macroforge@0.1.74": {
      "integrity": "sha512-uPWNtctMZuZO66NSbHpZ+NKS28kGXiWMq+ufOU5GuEZMhtrtJUwLFwyRfSckOvSPRNIscbm4KEDcxPcFp3XPJQ==",
      "optionalDependencies": [
        "@macroforge/bin-darwin-arm64",
        "@macroforge/bin-darwin-x64",
        "@macroforge/bin-linux-arm64-gnu",
        "@macroforge/bin-linux-x64-gnu",
        "@macroforge/bin-win32-arm64-msvc",
        "@macroforge/bin-win32-x64-msvc"
      ]
    },
    "typescript@5.9.3": {
      "integrity": "sha512-jl1vZzPDinLr9eUt3J/t7V6FgNEw9QjvBPdysz9KfQDD41fQrC2Y4vKQdiaUpFT4bXlb1RHhLpp8wtm6M5TgSw==",
      "bin": true
    },
    "undici-types@5.26.5": {
      "integrity": "sha512-JlCMO+ehdEIKqlFxk6IfVoAUVmgz7cU7zD/h9XZ0qzeosSHmUJVOzSQvvYSYWXkFXC+IfLKSIffhv0sVZup6pA=="
    }
  },
  "workspace": {
    "packageJson": {
      "dependencies": [
        "npm:@macroforge/shared@~0.1.74",
        "npm:@types/node@^18.19.130",
        "npm:macroforge@~0.1.74",
        "npm:typescript@^5.9.3"
      ]
    }
  }
}
