{
  "name": "@macroforge/typescript-plugin",
  "version": "0.1.60",
  "lockfileVersion": 3,
  "requires": true,
  "packages": {
    "": {
      "name": "@macroforge/typescript-plugin",
      "version": "0.1.60",
      "license": "MIT",
      "dependencies": {
        "@macroforge/shared": "^0.1.60",
        "macroforge": "^0.1.60"
      },
      "devDependencies": {
        "@types/node": "^18.19.130",
        "typescript": "^5.9.3"
      },
      "peerDependencies": {
        "typescript": ">=5.0.0"
      }
    },
    "node_modules/@macroforge/bin-darwin-arm64": {
      "version": "0.1.60",
      "resolved": "https://registry.npmjs.org/@macroforge/bin-darwin-arm64/-/bin-darwin-arm64-0.1.60.tgz",
      "integrity": "sha512-NbKrGbViNdaT6sDtGUTuydOPOhXe+Q94IaEyOJT/MhbwXjw0XBDhXX8wcksuXKkKEl7W2zwnXu/s3u2VKU3Wzg==",
      "cpu": [
        "arm64"
      ],
      "license": "MIT",
      "optional": true,
      "os": [
        "darwin"
      ],
      "engines": {
        "node": ">= 18"
      }
    },
    "node_modules/@macroforge/bin-darwin-x64": {
      "version": "0.1.60",
      "resolved": "https://registry.npmjs.org/@macroforge/bin-darwin-x64/-/bin-darwin-x64-0.1.60.tgz",
      "integrity": "sha512-Zy/Ff1y/cl4zY1JdhlCEe3PfcmxmWfKvvRIOFMvvt8VhWGa58X8W1XyDhPfR3kC8hYa45+dvNYnT8CkLRgp2ng==",
      "cpu": [
        "x64"
      ],
      "license": "MIT",
      "optional": true,
      "os": [
        "darwin"
      ],
      "engines": {
        "node": ">= 18"
      }
    },
    "node_modules/@macroforge/bin-linux-arm64-gnu": {
      "version": "0.1.60",
      "resolved": "https://registry.npmjs.org/@macroforge/bin-linux-arm64-gnu/-/bin-linux-arm64-gnu-0.1.60.tgz",
      "integrity": "sha512-/7AgTcDWHLVmfazbGMdb8yQBFAtqrihKbJyuL+csHTaswiZcWGcOxkOlIanuC8jNfLQVJ8vy/zb/l/BdXEa1og==",
      "cpu": [
        "arm64"
      ],
      "license": "MIT",
      "optional": true,
      "os": [
        "linux"
      ],
      "engines": {
        "node": ">= 18"
      }
    },
    "node_modules/@macroforge/bin-linux-x64-gnu": {
      "version": "0.1.60",
      "resolved": "https://registry.npmjs.org/@macroforge/bin-linux-x64-gnu/-/bin-linux-x64-gnu-0.1.60.tgz",
      "integrity": "sha512-iopWZfotvo2YPvkm0y5DaL04O6Fb67qHHLuga58xPe9y7UL435aqItxwg28/RRpa5d7jE96yzNfzvmWpCFWSvA==",
      "cpu": [
        "x64"
      ],
      "license": "MIT",
      "optional": true,
      "os": [
        "linux"
      ],
      "engines": {
        "node": ">= 18"
      }
    },
    "node_modules/@macroforge/bin-win32-arm64-msvc": {
      "version": "0.1.60",
      "resolved": "https://registry.npmjs.org/@macroforge/bin-win32-arm64-msvc/-/bin-win32-arm64-msvc-0.1.60.tgz",
      "integrity": "sha512-jqDLHm/LHvuMXYBLISUwWsqMrc/8pwNv9f23l5nnN71QPPWx40SbiPGBoF299fr4K8ovWVX5z/3cKPU8MU/nbA==",
      "cpu": [
        "arm64"
      ],
      "license": "MIT",
      "optional": true,
      "os": [
        "win32"
      ],
      "engines": {
        "node": ">= 18"
      }
    },
    "node_modules/@macroforge/bin-win32-x64-msvc": {
      "version": "0.1.60",
      "resolved": "https://registry.npmjs.org/@macroforge/bin-win32-x64-msvc/-/bin-win32-x64-msvc-0.1.60.tgz",
      "integrity": "sha512-SiIFivzRuXz8C1sI5gGS011Lj/ZV3l4JJPPGDZRRdd+P3xyzSHx7WabcwZPk95RMzcnazoOCWj3ZSBhsl18USg==",
      "cpu": [
        "x64"
      ],
      "license": "MIT",
      "optional": true,
      "os": [
        "win32"
      ],
      "engines": {
        "node": ">= 18"
      }
    },
    "node_modules/@macroforge/shared": {
      "version": "0.1.60",
      "resolved": "https://registry.npmjs.org/@macroforge/shared/-/shared-0.1.60.tgz",
      "integrity": "sha512-45dN5FAJPXWIXCF0iJy0ASBlWIwA/9fZf7JzH25bJ7SrJWu6TTUNuwQ8/hYKjwbQ5V64WIfgtBr3OFEuJISa0w==",
      "dependencies": {
        "macroforge": "^0.1.60"
      },
      "peerDependencies": {
        "typescript": ">=5.0.0"
      }
    },
    "node_modules/@types/node": {
      "version": "18.19.130",
      "resolved": "https://registry.npmjs.org/@types/node/-/node-18.19.130.tgz",
      "integrity": "sha512-GRaXQx6jGfL8sKfaIDD6OupbIHBr9jv7Jnaml9tB7l4v068PAOXqfcujMMo5PhbIs6ggR1XODELqahT2R8v0fg==",
      "dev": true,
      "license": "MIT",
      "dependencies": {
        "undici-types": "~5.26.4"
      }
    },
    "node_modules/macroforge": {
      "version": "0.1.60",
      "resolved": "https://registry.npmjs.org/macroforge/-/macroforge-0.1.60.tgz",
      "integrity": "sha512-nkdMqHV7DyXuPd4ajrvWqGTWOWkzKvj0Q/my9XYMOAcozUrPqnsKQPWXUzYScUOw2zCMPDaU2tS55IXxgocJsg==",
      "license": "MIT",
      "engines": {
        "node": ">= 18"
      },
      "optionalDependencies": {
        "@macroforge/bin-darwin-arm64": "0.1.60",
        "@macroforge/bin-darwin-x64": "0.1.60",
        "@macroforge/bin-linux-arm64-gnu": "0.1.60",
        "@macroforge/bin-linux-x64-gnu": "0.1.60",
        "@macroforge/bin-win32-arm64-msvc": "0.1.60",
        "@macroforge/bin-win32-x64-msvc": "0.1.60"
      }
    },
    "node_modules/typescript": {
      "version": "5.9.3",
      "resolved": "https://registry.npmjs.org/typescript/-/typescript-5.9.3.tgz",
      "integrity": "sha512-jl1vZzPDinLr9eUt3J/t7V6FgNEw9QjvBPdysz9KfQDD41fQrC2Y4vKQdiaUpFT4bXlb1RHhLpp8wtm6M5TgSw==",
      "license": "Apache-2.0",
      "bin": {
        "tsc": "bin/tsc",
        "tsserver": "bin/tsserver"
      },
      "engines": {
        "node": ">=14.17"
      }
    },
    "node_modules/undici-types": {
      "version": "5.26.5",
      "resolved": "https://registry.npmjs.org/undici-types/-/undici-types-5.26.5.tgz",
      "integrity": "sha512-JlCMO+ehdEIKqlFxk6IfVoAUVmgz7cU7zD/h9XZ0qzeosSHmUJVOzSQvvYSYWXkFXC+IfLKSIffhv0sVZup6pA==",
      "dev": true,
      "license": "MIT"
    }
  }
}
