{
  "name": "@macroforge/typescript-plugin",
  "version": "0.1.64",
  "lockfileVersion": 3,
  "requires": true,
  "packages": {
    "": {
      "name": "@macroforge/typescript-plugin",
      "version": "0.1.64",
      "license": "MIT",
      "dependencies": {
        "@macroforge/shared": "^0.1.63",
        "macroforge": "^0.1.63"
      },
      "devDependencies": {
        "@types/node": "^18.19.130",
        "typescript": "^5.9.3"
      },
      "peerDependencies": {
        "typescript": ">=5.0.0"
      }
    },
    "node_modules/@macroforge/bin-darwin-arm64": {
      "version": "0.1.63",
      "resolved": "https://registry.npmjs.org/@macroforge/bin-darwin-arm64/-/bin-darwin-arm64-0.1.63.tgz",
      "integrity": "sha512-piivjOv43rWQ83zp+U3ANYOUpsCZVrVTfYemVAuf2Iv5tW0DsQE//80QF2n2CTspaH99P6KWt8sfx0xDl4XYCw==",
      "cpu": [
        "arm64"
      ],
      "license": "MIT",
      "optional": true,
      "os": [
        "darwin"
      ],
      "engines": {
        "node": ">= 18"
      }
    },
    "node_modules/@macroforge/bin-darwin-x64": {
      "version": "0.1.63",
      "resolved": "https://registry.npmjs.org/@macroforge/bin-darwin-x64/-/bin-darwin-x64-0.1.63.tgz",
      "integrity": "sha512-6wwy1OWSz6qLd/OrcfyqI0bxElWJtkW4uEsGTA//6/qJt7+1kyWm44+e03Y1sJWMXy7Vro1p5IvfAXSZepmKBA==",
      "cpu": [
        "x64"
      ],
      "license": "MIT",
      "optional": true,
      "os": [
        "darwin"
      ],
      "engines": {
        "node": ">= 18"
      }
    },
    "node_modules/@macroforge/bin-linux-arm64-gnu": {
      "version": "0.1.63",
      "resolved": "https://registry.npmjs.org/@macroforge/bin-linux-arm64-gnu/-/bin-linux-arm64-gnu-0.1.63.tgz",
      "integrity": "sha512-gwHnJNqPE9bn07GtP/+wSsJLZMPT90nZcYz3kojmGcpqyHU/reE20cQZ4GCWYm3MF+BdVxQTZ5bKPxk+x2KZIA==",
      "cpu": [
        "arm64"
      ],
      "license": "MIT",
      "optional": true,
      "os": [
        "linux"
      ],
      "engines": {
        "node": ">= 18"
      }
    },
    "node_modules/@macroforge/bin-linux-x64-gnu": {
      "version": "0.1.63",
      "resolved": "https://registry.npmjs.org/@macroforge/bin-linux-x64-gnu/-/bin-linux-x64-gnu-0.1.63.tgz",
      "integrity": "sha512-R0Ofd/17OFy/5PSBRuTsgD8lbVg4wO3k2HEJiw/faFr1AZkNGO7vEI0jys5BFr5z75rCLDYC//lTyVZkqTSLUw==",
      "cpu": [
        "x64"
      ],
      "license": "MIT",
      "optional": true,
      "os": [
        "linux"
      ],
      "engines": {
        "node": ">= 18"
      }
    },
    "node_modules/@macroforge/bin-win32-arm64-msvc": {
      "version": "0.1.63",
      "resolved": "https://registry.npmjs.org/@macroforge/bin-win32-arm64-msvc/-/bin-win32-arm64-msvc-0.1.63.tgz",
      "integrity": "sha512-a4xGx8BPDt0cicLb1ntAxS/Lw1musneUyjIQG3KR82Sc3heyPioLzu0RYtu4P8V+mkiqiKGs4TlfNIEGoxBaMQ==",
      "cpu": [
        "arm64"
      ],
      "license": "MIT",
      "optional": true,
      "os": [
        "win32"
      ],
      "engines": {
        "node": ">= 18"
      }
    },
    "node_modules/@macroforge/bin-win32-x64-msvc": {
      "version": "0.1.63",
      "resolved": "https://registry.npmjs.org/@macroforge/bin-win32-x64-msvc/-/bin-win32-x64-msvc-0.1.63.tgz",
      "integrity": "sha512-soUOpj5hS9mmNwHMh96DiHFJNHBtm+pLQlMVcCuh0tsuOokSQONVvJ/VuNh7zCwtU1qcmZrl22B1Zs8faT6HjQ==",
      "cpu": [
        "x64"
      ],
      "license": "MIT",
      "optional": true,
      "os": [
        "win32"
      ],
      "engines": {
        "node": ">= 18"
      }
    },
    "node_modules/@macroforge/shared": {
      "version": "0.1.63",
      "resolved": "https://registry.npmjs.org/@macroforge/shared/-/shared-0.1.63.tgz",
      "integrity": "sha512-01hHWVqiXWZHBf4OW1u27rDqTDlcqXNRgIrKPjHTvMR0hFCJJ86pz+f34a10qveh8ml2qqfT0BQS9jP2XxzV+g==",
      "dependencies": {
        "macroforge": "^0.1.63"
      },
      "peerDependencies": {
        "typescript": ">=5.0.0"
      }
    },
    "node_modules/@types/node": {
      "version": "18.19.130",
      "resolved": "https://registry.npmjs.org/@types/node/-/node-18.19.130.tgz",
      "integrity": "sha512-GRaXQx6jGfL8sKfaIDD6OupbIHBr9jv7Jnaml9tB7l4v068PAOXqfcujMMo5PhbIs6ggR1XODELqahT2R8v0fg==",
      "dev": true,
      "license": "MIT",
      "dependencies": {
        "undici-types": "~5.26.4"
      }
    },
    "node_modules/macroforge": {
      "version": "0.1.63",
      "resolved": "https://registry.npmjs.org/macroforge/-/macroforge-0.1.63.tgz",
      "integrity": "sha512-4pWvbg4gfW9mhBzEbJ5woQDRWCxNXWgAA6Gz2ujs0+HPgfb7moIfKeLvg7dpsedvT4xZPCAlmlqf3gP4Xs63Pg==",
      "license": "MIT",
      "engines": {
        "node": ">= 18"
      },
      "optionalDependencies": {
        "@macroforge/bin-darwin-arm64": "0.1.63",
        "@macroforge/bin-darwin-x64": "0.1.63",
        "@macroforge/bin-linux-arm64-gnu": "0.1.63",
        "@macroforge/bin-linux-x64-gnu": "0.1.63",
        "@macroforge/bin-win32-arm64-msvc": "0.1.63",
        "@macroforge/bin-win32-x64-msvc": "0.1.63"
      }
    },
    "node_modules/typescript": {
      "version": "5.9.3",
      "resolved": "https://registry.npmjs.org/typescript/-/typescript-5.9.3.tgz",
      "integrity": "sha512-jl1vZzPDinLr9eUt3J/t7V6FgNEw9QjvBPdysz9KfQDD41fQrC2Y4vKQdiaUpFT4bXlb1RHhLpp8wtm6M5TgSw==",
      "license": "Apache-2.0",
      "bin": {
        "tsc": "bin/tsc",
        "tsserver": "bin/tsserver"
      },
      "engines": {
        "node": ">=14.17"
      }
    },
    "node_modules/undici-types": {
      "version": "5.26.5",
      "resolved": "https://registry.npmjs.org/undici-types/-/undici-types-5.26.5.tgz",
      "integrity": "sha512-JlCMO+ehdEIKqlFxk6IfVoAUVmgz7cU7zD/h9XZ0qzeosSHmUJVOzSQvvYSYWXkFXC+IfLKSIffhv0sVZup6pA==",
      "dev": true,
      "license": "MIT"
    }
  }
}
