{
  "name": "@macroforge/typescript-plugin",
  "version": "0.1.62",
  "lockfileVersion": 3,
  "requires": true,
  "packages": {
    "": {
      "name": "@macroforge/typescript-plugin",
      "version": "0.1.62",
      "license": "MIT",
      "dependencies": {
        "@macroforge/shared": "^0.1.61",
        "macroforge": "^0.1.61"
      },
      "devDependencies": {
        "@types/node": "^18.19.130",
        "typescript": "^5.9.3"
      },
      "peerDependencies": {
        "typescript": ">=5.0.0"
      }
    },
    "node_modules/@macroforge/bin-darwin-arm64": {
      "version": "0.1.61",
      "resolved": "https://registry.npmjs.org/@macroforge/bin-darwin-arm64/-/bin-darwin-arm64-0.1.61.tgz",
      "integrity": "sha512-P8UaS0viqdwmu7e2C5JO26JZvXpwG/VI7DMz4NwuJA9qQ48VtTQ6AIShxYS+wmHFZPYzHt1pszbx0rwZCd+1kA==",
      "cpu": [
        "arm64"
      ],
      "license": "MIT",
      "optional": true,
      "os": [
        "darwin"
      ],
      "engines": {
        "node": ">= 18"
      }
    },
    "node_modules/@macroforge/bin-darwin-x64": {
      "version": "0.1.61",
      "resolved": "https://registry.npmjs.org/@macroforge/bin-darwin-x64/-/bin-darwin-x64-0.1.61.tgz",
      "integrity": "sha512-pEU8h5k5dtpWZubWLz55H+/P1lQ8SzlPx7mhiNNji8VIzSKY1jRP2BIir0Kk0bVFupMtHz1gZHX3Pj/vS+i+7w==",
      "cpu": [
        "x64"
      ],
      "license": "MIT",
      "optional": true,
      "os": [
        "darwin"
      ],
      "engines": {
        "node": ">= 18"
      }
    },
    "node_modules/@macroforge/bin-linux-arm64-gnu": {
      "version": "0.1.61",
      "resolved": "https://registry.npmjs.org/@macroforge/bin-linux-arm64-gnu/-/bin-linux-arm64-gnu-0.1.61.tgz",
      "integrity": "sha512-Rqc356TytiNaOv2jKABk3OjOqh7gA+PTMUdIHa2SgE0iMFddmkTHlIAMJ9w8cEnIJeIFLM++f7qU78hxcr3Rmw==",
      "cpu": [
        "arm64"
      ],
      "license": "MIT",
      "optional": true,
      "os": [
        "linux"
      ],
      "engines": {
        "node": ">= 18"
      }
    },
    "node_modules/@macroforge/bin-linux-x64-gnu": {
      "version": "0.1.61",
      "resolved": "https://registry.npmjs.org/@macroforge/bin-linux-x64-gnu/-/bin-linux-x64-gnu-0.1.61.tgz",
      "integrity": "sha512-RUaBfU+Th5CXmKCrw1gDQOZY3a/FdFddEURGni8TvgxKH8CKdMY6Mwkt1mhKOT70M58AUg07zpQtNsUk/l1isw==",
      "cpu": [
        "x64"
      ],
      "license": "MIT",
      "optional": true,
      "os": [
        "linux"
      ],
      "engines": {
        "node": ">= 18"
      }
    },
    "node_modules/@macroforge/bin-win32-arm64-msvc": {
      "version": "0.1.61",
      "resolved": "https://registry.npmjs.org/@macroforge/bin-win32-arm64-msvc/-/bin-win32-arm64-msvc-0.1.61.tgz",
      "integrity": "sha512-Ulng/fBVpgnoE4Hrau7CGbN3LujAeINVNZz+D7XEWGSyfmwBx/pAZCOfrbr0GspN5TyHsx8ec2tEU3hxYk1LnA==",
      "cpu": [
        "arm64"
      ],
      "license": "MIT",
      "optional": true,
      "os": [
        "win32"
      ],
      "engines": {
        "node": ">= 18"
      }
    },
    "node_modules/@macroforge/bin-win32-x64-msvc": {
      "version": "0.1.61",
      "resolved": "https://registry.npmjs.org/@macroforge/bin-win32-x64-msvc/-/bin-win32-x64-msvc-0.1.61.tgz",
      "integrity": "sha512-4a3cZIms47GKEvGvZRwH28inM9kK1cuQNxy7YgGHIomfOoaGHRXvf9GqJdxwrJ7vL2nviFOdkpN9T1egEOBK+A==",
      "cpu": [
        "x64"
      ],
      "license": "MIT",
      "optional": true,
      "os": [
        "win32"
      ],
      "engines": {
        "node": ">= 18"
      }
    },
    "node_modules/@macroforge/shared": {
      "version": "0.1.61",
      "resolved": "https://registry.npmjs.org/@macroforge/shared/-/shared-0.1.61.tgz",
      "integrity": "sha512-ESih+p1JDbzDcMA41MjaKWCLlpSFum6C7+3uvkKd5vYTS9G9p93lfBBDkQSIZetju/Cw4gvL4z2ln8qi2hmNDg==",
      "dependencies": {
        "macroforge": "^0.1.61"
      },
      "peerDependencies": {
        "typescript": ">=5.0.0"
      }
    },
    "node_modules/@types/node": {
      "version": "18.19.130",
      "resolved": "https://registry.npmjs.org/@types/node/-/node-18.19.130.tgz",
      "integrity": "sha512-GRaXQx6jGfL8sKfaIDD6OupbIHBr9jv7Jnaml9tB7l4v068PAOXqfcujMMo5PhbIs6ggR1XODELqahT2R8v0fg==",
      "dev": true,
      "license": "MIT",
      "dependencies": {
        "undici-types": "~5.26.4"
      }
    },
    "node_modules/macroforge": {
      "version": "0.1.61",
      "resolved": "https://registry.npmjs.org/macroforge/-/macroforge-0.1.61.tgz",
      "integrity": "sha512-2vrwdWCV/c6WSKCUm6TsiNRyMIG9KuPCPWH5OJxz63cmitFv+6k2ebAQNSiW1lxg2Jw+8OSMvS8na96UMN0fmg==",
      "license": "MIT",
      "engines": {
        "node": ">= 18"
      },
      "optionalDependencies": {
        "@macroforge/bin-darwin-arm64": "0.1.61",
        "@macroforge/bin-darwin-x64": "0.1.61",
        "@macroforge/bin-linux-arm64-gnu": "0.1.61",
        "@macroforge/bin-linux-x64-gnu": "0.1.61",
        "@macroforge/bin-win32-arm64-msvc": "0.1.61",
        "@macroforge/bin-win32-x64-msvc": "0.1.61"
      }
    },
    "node_modules/typescript": {
      "version": "5.9.3",
      "resolved": "https://registry.npmjs.org/typescript/-/typescript-5.9.3.tgz",
      "integrity": "sha512-jl1vZzPDinLr9eUt3J/t7V6FgNEw9QjvBPdysz9KfQDD41fQrC2Y4vKQdiaUpFT4bXlb1RHhLpp8wtm6M5TgSw==",
      "license": "Apache-2.0",
      "bin": {
        "tsc": "bin/tsc",
        "tsserver": "bin/tsserver"
      },
      "engines": {
        "node": ">=14.17"
      }
    },
    "node_modules/undici-types": {
      "version": "5.26.5",
      "resolved": "https://registry.npmjs.org/undici-types/-/undici-types-5.26.5.tgz",
      "integrity": "sha512-JlCMO+ehdEIKqlFxk6IfVoAUVmgz7cU7zD/h9XZ0qzeosSHmUJVOzSQvvYSYWXkFXC+IfLKSIffhv0sVZup6pA==",
      "dev": true,
      "license": "MIT"
    }
  }
}
